<?xml version="1.0" encoding="utf-8"?>
<Project ToolsVersion="4.0" xmlns="http://schemas.microsoft.com/developer/msbuild/2003">
  <ItemGroup>
    <Filter Include="Source Files">
      <UniqueIdentifier>{4FC737F1-C7A5-4376-A066-2A32D752A2FF}</UniqueIdentifier>
      <Extensions>cpp;c;cc;cxx;c++;cppm;ixx;def;odl;idl;hpj;bat;asm;asmx</Extensions>
    </Filter>
    <Filter Include="Header Files">
      <UniqueIdentifier>{93995380-89BD-4b04-88EB-625FBE52EBFB}</UniqueIdentifier>
      <Extensions>h;hh;hpp;hxx;h++;hm;inl;inc;ipp;xsd</Extensions>
    </Filter>
    <Filter Include="Resource Files">
      <UniqueIdentifier>{67DA6AB6-F800-4c08-8B7A-83BB121AAD01}</UniqueIdentifier>
      <Extensions>rc;ico;cur;bmp;dlg;rc2;rct;bin;rgs;gif;jpg;jpeg;jpe;resx;tiff;tif;png;wav;mfcribbon-ms</Extensions>
    </Filter>
    <Filter Include="dlls">
      <UniqueIdentifier>{b4837dd2-6f72-4086-8e69-3c7b15ed8c8c}</UniqueIdentifier>
    </Filter>
    <Filter Include="libs">
      <UniqueIdentifier>{f050d6c3-b7d9-4697-a56f-e63bfa54c42b}</UniqueIdentifier>
    </Filter>
  </ItemGroup>
  <ItemGroup>
    <ClCompile Include="Source.cpp">
      <Filter>Source Files</Filter>
    </ClCompile>
  </ItemGroup>
  <ItemGroup>
    <ClInclude Include="..\GL.H">
      <Filter>Header Files</Filter>
    </ClInclude>
    <ClInclude Include="..\GLAux.h">
      <Filter>Header Files</Filter>
    </ClInclude>
    <ClInclude Include="..\GLOS.H">
      <Filter>Header Files</Filter>
    </ClInclude>
    <ClInclude Include="..\GLU.H">
      <Filter>Header Files</Filter>
    </ClInclude>
    <ClInclude Include="..\glui.h">
      <Filter>Header Files</Filter>
    </ClInclude>
    <ClInclude Include="..\glut.h">
      <Filter>Header Files</Filter>
    </ClInclude>
  </ItemGroup>
  <ItemGroup>
    <Library Include="..\libs\Glaux.lib">
      <Filter>libs</Filter>
    </Library>
    <Library Include="..\libs\GLU32.LIB">
      <Filter>libs</Filter>
    </Library>
    <Library Include="..\libs\glui32.lib">
      <Filter>libs</Filter>
    </Library>
    <Library Include="..\libs\glut32.lib">
      <Filter>libs</Filter>
    </Library>
    <Library Include="..\libs\OPENGL32.LIB">
      <Filter>libs</Filter>
    </Library>
  </ItemGroup>
  <ItemGroup>
    <CopyFileToFolders Include="..\dlls\opengl32.dll">
      <Filter>dlls</Filter>
    </CopyFileToFolders>
    <CopyFileToFolders Include="..\dlls\glut32.dll">
      <Filter>dlls</Filter>
    </CopyFileToFolders>
    <CopyFileToFolders Include="..\dlls\glu32.dll">
      <Filter>dlls</Filter>
    </CopyFileToFolders>
  </ItemGroup>
</Project>